<?xml version="1.0" encoding="utf-8"?>
<Project ToolsVersion="4.0" xmlns="http://schemas.microsoft.com/developer/msbuild/2003">
  <ItemGroup>
    <Filter Include="资源文件">
      <UniqueIdentifier>{67DA6AB6-F800-4c08-8B7A-83BB121AAD01}</UniqueIdentifier>
      <Extensions>rc;ico;cur;bmp;dlg;rc2;rct;bin;rgs;gif;jpg;jpeg;jpe;resx;tiff;tif;png;wav;mfcribbon-ms</Extensions>
    </Filter>
    <Filter Include="shape">
      <UniqueIdentifier>{fde73bad-b94f-4695-aeaa-7665eb6f0ee0}</UniqueIdentifier>
    </Filter>
    <Filter Include="math">
      <UniqueIdentifier>{0e34aa01-926e-45d8-85d3-20159b1c9e35}</UniqueIdentifier>
    </Filter>
    <Filter Include="core">
      <UniqueIdentifier>{93995380-89BD-4b04-88EB-625FBE52EBFB}</UniqueIdentifier>
      <Extensions>h;hh;hpp;hxx;h++;hm;inl;inc;ipp;xsd</Extensions>
    </Filter>
    <Filter Include="main">
      <UniqueIdentifier>{4FC737F1-C7A5-4376-A066-2A32D752A2FF}</UniqueIdentifier>
      <Extensions>cpp;c;cc;cxx;c++;cppm;ixx;def;odl;idl;hpj;bat;asm;asmx</Extensions>
    </Filter>
    <Filter Include="ray">
      <UniqueIdentifier>{7f41274b-1a56-41ad-a7a0-085b3204506b}</UniqueIdentifier>
    </Filter>
    <Filter Include="medium">
      <UniqueIdentifier>{f3c4f06b-064e-4f52-869c-7adc2267bd92}</UniqueIdentifier>
    </Filter>
  </ItemGroup>
  <ItemGroup>
    <ClCompile Include="main.cpp">
      <Filter>main</Filter>
    </ClCompile>
    <ClCompile Include="perlin.h">
      <Filter>main</Filter>
    </ClCompile>
    <ClCompile Include="hittable.h">
      <Filter>shape</Filter>
    </ClCompile>
    <ClCompile Include="raytracing.h">
      <Filter>core</Filter>
    </ClCompile>
    <ClCompile Include="vec.h">
      <Filter>math</Filter>
    </ClCompile>
    <ClCompile Include="image.cpp">
      <Filter>core</Filter>
    </ClCompile>
  </ItemGroup>
  <ItemGroup>
    <ClInclude Include="image.h">
      <Filter>core</Filter>
    </ClInclude>
    <ClInclude Include="camera.h">
      <Filter>core</Filter>
    </ClInclude>
    <ClInclude Include="material.h">
      <Filter>core</Filter>
    </ClInclude>
    <ClInclude Include="aabb.h">
      <Filter>core</Filter>
    </ClInclude>
    <ClInclude Include="bvh.h">
      <Filter>core</Filter>
    </ClInclude>
    <ClInclude Include="texture.h">
      <Filter>core</Filter>
    </ClInclude>
    <ClInclude Include="onb.h">
      <Filter>core</Filter>
    </ClInclude>
    <ClInclude Include="scene.h">
      <Filter>core</Filter>
    </ClInclude>
    <ClInclude Include="moving_sphere.h">
      <Filter>shape</Filter>
    </ClInclude>
    <ClInclude Include="aarect.h">
      <Filter>shape</Filter>
    </ClInclude>
    <ClInclude Include="box.h">
      <Filter>shape</Filter>
    </ClInclude>
    <ClInclude Include="sphere.h">
      <Filter>shape</Filter>
    </ClInclude>
    <ClInclude Include="vector3.h">
      <Filter>math</Filter>
    </ClInclude>
    <ClInclude Include="constant_medium.h">
      <Filter>shape</Filter>
    </ClInclude>
    <ClInclude Include="hittable_list.h">
      <Filter>shape</Filter>
    </ClInclude>
    <ClInclude Include="schwi.h">
      <Filter>math</Filter>
    </ClInclude>
    <ClInclude Include="SRandom.h">
      <Filter>math</Filter>
    </ClInclude>
    <ClInclude Include="point3.h">
      <Filter>math</Filter>
    </ClInclude>
    <ClInclude Include="normal3.h">
      <Filter>math</Filter>
    </ClInclude>
    <ClInclude Include="ray.h">
      <Filter>ray</Filter>
    </ClInclude>
    <ClInclude Include="RayDifferential.h">
      <Filter>ray</Filter>
    </ClInclude>
    <ClInclude Include="medium.h">
      <Filter>medium</Filter>
    </ClInclude>
    <ClInclude Include="bound.h">
      <Filter>math</Filter>
    </ClInclude>
    <ClInclude Include="matrix.h">
      <Filter>math</Filter>
    </ClInclude>
    <ClInclude Include="interaction.h">
      <Filter>core</Filter>
    </ClInclude>
    <ClInclude Include="shape.h">
      <Filter>shape</Filter>
    </ClInclude>
    <ClInclude Include="point2.h">
      <Filter>math</Filter>
    </ClInclude>
    <ClInclude Include="vector2.h">
      <Filter>math</Filter>
    </ClInclude>
    <ClInclude Include="transform.h">
      <Filter>math</Filter>
    </ClInclude>
    <ClInclude Include="quaternion.h">
      <Filter>math</Filter>
    </ClInclude>
    <ClInclude Include="cylinder.h">
      <Filter>shape</Filter>
    </ClInclude>
    <ClInclude Include="pdf.h">
      <Filter>core</Filter>
    </ClInclude>
  </ItemGroup>
  <ItemGroup>
    <Image Include="out.png">
      <Filter>资源文件</Filter>
    </Image>
  </ItemGroup>
</Project>